// !$*UTF8*$!
{
	archiveVersion = 1;
	classes = {
	};
	objectVersion = 50;
	objects = {

/* Begin PBXBuildFile section */
		C19A907E26C12845006AD6F8 /* AppDelegate.swift in Sources */ = {isa = PBXBuildFile; fileRef = C19A907D26C12845006AD6F8 /* AppDelegate.swift */; };
		C19A908026C12845006AD6F8 /* SceneDelegate.swift in Sources */ = {isa = PBXBuildFile; fileRef = C19A907F26C12845006AD6F8 /* SceneDelegate.swift */; };
		C19A908226C12845006AD6F8 /* ViewController.swift in Sources */ = {isa = PBXBuildFile; fileRef = C19A908126C12845006AD6F8 /* ViewController.swift */; };
		C19A908526C12845006AD6F8 /* Main.storyboard in Resources */ = {isa = PBXBuildFile; fileRef = C19A908326C12845006AD6F8 /* Main.storyboard */; };
		C19A908726C12847006AD6F8 /* Assets.xcassets in Resources */ = {isa = PBXBuildFile; fileRef = C19A908626C12847006AD6F8 /* Assets.xcassets */; };
		C19A908A26C12847006AD6F8 /* LaunchScreen.storyboard in Resources */ = {isa = PBXBuildFile; fileRef = C19A908826C12847006AD6F8 /* LaunchScreen.storyboard */; };
		C19A909526C12848006AD6F8 /* ImgViewerProjTests.swift in Sources */ = {isa = PBXBuildFile; fileRef = C19A909426C12848006AD6F8 /* ImgViewerProjTests.swift */; };
		C19A90A026C12848006AD6F8 /* ImgViewerProjUITests.swift in Sources */ = {isa = PBXBuildFile; fileRef = C19A909F26C12848006AD6F8 /* ImgViewerProjUITests.swift */; };
		C19A90B626C12860006AD6F8 /* 1.png in Resources */ = {isa = PBXBuildFile; fileRef = C19A90B026C12860006AD6F8 /* 1.png */; };
		C19A90B726C12860006AD6F8 /* 3.png in Resources */ = {isa = PBXBuildFile; fileRef = C19A90B126C12860006AD6F8 /* 3.png */; };
		C19A90B826C12860006AD6F8 /* 5.png in Resources */ = {isa = PBXBuildFile; fileRef = C19A90B226C12860006AD6F8 /* 5.png */; };
		C19A90B926C12860006AD6F8 /* 4.png in Resources */ = {isa = PBXBuildFile; fileRef = C19A90B326C12860006AD6F8 /* 4.png */; };
		C19A90BA26C12860006AD6F8 /* 6.png in Resources */ = {isa = PBXBuildFile; fileRef = C19A90B426C12860006AD6F8 /* 6.png */; };
		C19A90BB26C12860006AD6F8 /* 2.png in Resources */ = {isa = PBXBuildFile; fileRef = C19A90B526C12860006AD6F8 /* 2.png */; };
/* End PBXBuildFile section */

/* Begin PBXContainerItemProxy section */
		C19A909126C12848006AD6F8 /* PBXContainerItemProxy */ = {
			isa = PBXContainerItemProxy;
			containerPortal = C19A907226C12844006AD6F8 /* Project object */;
			proxyType = 1;
			remoteGlobalIDString = C19A907926C12845006AD6F8;
			remoteInfo = ImgViewerProj;
		};
		C19A909C26C12848006AD6F8 /* PBXContainerItemProxy */ = {
			isa = PBXContainerItemProxy;
			containerPortal = C19A907226C12844006AD6F8 /* Project object */;
			proxyType = 1;
			remoteGlobalIDString = C19A907926C12845006AD6F8;
			remoteInfo = ImgViewerProj;
		};
/* End PBXContainerItemProxy section */

/* Begin PBXFileReference section */
		C19A907A26C12845006AD6F8 /* ImgViewerProj.app */ = {isa = PBXFileReference; explicitFileType = wrapper.application; includeInIndex = 0; path = ImgViewerProj.app; sourceTree = BUILT_PRODUCTS_DIR; };
		C19A907D26C12845006AD6F8 /* AppDelegate.swift */ = {isa = PBXFileReference; lastKnownFileType = sourcecode.swift; path = AppDelegate.swift; sourceTree = "<group>"; };
		C19A907F26C12845006AD6F8 /* SceneDelegate.swift */ = {isa = PBXFileReference; lastKnownFileType = sourcecode.swift; path = SceneDelegate.swift; sourceTree = "<group>"; };
		C19A908126C12845006AD6F8 /* ViewController.swift */ = {isa = PBXFileReference; lastKnownFileType = sourcecode.swift; path = ViewController.swift; sourceTree = "<group>"; };
		C19A908426C12845006AD6F8 /* Base */ = {isa = PBXFileReference; lastKnownFileType = file.storyboard; name = Base; path = Base.lproj/Main.storyboard; sourceTree = "<group>"; };
		C19A908626C12847006AD6F8 /* Assets.xcassets */ = {isa = PBXFileReference; lastKnownFileType = folder.assetcatalog; path = Assets.xcassets; sourceTree = "<group>"; };
		C19A908926C12847006AD6F8 /* Base */ = {isa = PBXFileReference; lastKnownFileType = file.storyboard; name = Base; path = Base.lproj/LaunchScreen.storyboard; sourceTree = "<group>"; };
		C19A908B26C12847006AD6F8 /* Info.plist */ = {isa = PBXFileReference; lastKnownFileType = text.plist.xml; path = Info.plist; sourceTree = "<group>"; };
		C19A909026C12848006AD6F8 /* ImgViewerProjTests.xctest */ = {isa = PBXFileReference; explicitFileType = wrapper.cfbundle; includeInIndex = 0; path = ImgViewerProjTests.xctest; sourceTree = BUILT_PRODUCTS_DIR; };
		C19A909426C12848006AD6F8 /* ImgViewerProjTests.swift */ = {isa = PBXFileReference; lastKnownFileType = sourcecode.swift; path = ImgViewerProjTests.swift; sourceTree = "<group>"; };
		C19A909626C12848006AD6F8 /* Info.plist */ = {isa = PBXFileReference; lastKnownFileType = text.plist.xml; path = Info.plist; sourceTree = "<group>"; };
		C19A909B26C12848006AD6F8 /* ImgViewerProjUITests.xctest */ = {isa = PBXFileReference; explicitFileType = wrapper.cfbundle; includeInIndex = 0; path = ImgViewerProjUITests.xctest; sourceTree = BUILT_PRODUCTS_DIR; };
		C19A909F26C12848006AD6F8 /* ImgViewerProjUITests.swift */ = {isa = PBXFileReference; lastKnownFileType = sourcecode.swift; path = ImgViewerProjUITests.swift; sourceTree = "<group>"; };
		C19A90A126C12848006AD6F8 /* Info.plist */ = {isa = PBXFileReference; lastKnownFileType = text.plist.xml; path = Info.plist; sourceTree = "<group>"; };
		C19A90B026C12860006AD6F8 /* 1.png */ = {isa = PBXFileReference; lastKnownFileType = image.png; path = 1.png; sourceTree = "<group>"; };
		C19A90B126C12860006AD6F8 /* 3.png */ = {isa = PBXFileReference; lastKnownFileType = image.png; path = 3.png; sourceTree = "<group>"; };
		C19A90B226C12860006AD6F8 /* 5.png */ = {isa = PBXFileReference; lastKnownFileType = image.png; path = 5.png; sourceTree = "<group>"; };
		C19A90B326C12860006AD6F8 /* 4.png */ = {isa = PBXFileReference; lastKnownFileType = image.png; path = 4.png; sourceTree = "<group>"; };
		C19A90B426C12860006AD6F8 /* 6.png */ = {isa = PBXFileReference; lastKnownFileType = image.png; path = 6.png; sourceTree = "<group>"; };
		C19A90B526C12860006AD6F8 /* 2.png */ = {isa = PBXFileReference; lastKnownFileType = image.png; path = 2.png; sourceTree = "<group>"; };
/* End PBXFileReference section */

/* Begin PBXFrameworksBuildPhase section */
		C19A907726C12845006AD6F8 /* Frameworks */ = {
			isa = PBXFrameworksBuildPhase;
			buildActionMask = 2147483647;
			files = (
			);
			runOnlyForDeploymentPostprocessing = 0;
		};
		C19A908D26C12848006AD6F8 /* Frameworks */ = {
			isa = PBXFrameworksBuildPhase;
			buildActionMask = 2147483647;
			files = (
			);
			runOnlyForDeploymentPostprocessing = 0;
		};
		C19A909826C12848006AD6F8 /* Frameworks */ = {
			isa = PBXFrameworksBuildPhase;
			buildActionMask = 2147483647;
			files = (
			);
			runOnlyForDeploymentPostprocessing = 0;
		};
/* End PBXFrameworksBuildPhase section */

/* Begin PBXGroup section */
		C19A907126C12844006AD6F8 = {
			isa = PBXGroup;
			children = (
				C19A907C26C12845006AD6F8 /* ImgViewerProj */,
				C19A909326C12848006AD6F8 /* ImgViewerProjTests */,
				C19A909E26C12848006AD6F8 /* ImgViewerProjUITests */,
				C19A907B26C12845006AD6F8 /* Products */,
			);
			sourceTree = "<group>";
		};
		C19A907B26C12845006AD6F8 /* Products */ = {
			isa = PBXGroup;
			children = (
				C19A907A26C12845006AD6F8 /* ImgViewerProj.app */,
				C19A909026C12848006AD6F8 /* ImgViewerProjTests.xctest */,
				C19A909B26C12848006AD6F8 /* ImgViewerProjUITests.xctest */,
			);
			name = Products;
			sourceTree = "<group>";
		};
		C19A907C26C12845006AD6F8 /* ImgViewerProj */ = {
			isa = PBXGroup;
			children = (
				C19A907D26C12845006AD6F8 /* AppDelegate.swift */,
				C19A907F26C12845006AD6F8 /* SceneDelegate.swift */,
				C19A908126C12845006AD6F8 /* ViewController.swift */,
				C19A908326C12845006AD6F8 /* Main.storyboard */,
				C19A90B026C12860006AD6F8 /* 1.png */,
				C19A90B526C12860006AD6F8 /* 2.png */,
				C19A90B126C12860006AD6F8 /* 3.png */,
				C19A90B326C12860006AD6F8 /* 4.png */,
				C19A90B226C12860006AD6F8 /* 5.png */,
				C19A90B426C12860006AD6F8 /* 6.png */,
				C19A908626C12847006AD6F8 /* Assets.xcassets */,
				C19A908826C12847006AD6F8 /* LaunchScreen.storyboard */,
				C19A908B26C12847006AD6F8 /* Info.plist */,
			);
			path = ImgViewerProj;
			sourceTree = "<group>";
		};
		C19A909326C12848006AD6F8 /* ImgViewerProjTests */ = {
			isa = PBXGroup;
			children = (
				C19A909426C12848006AD6F8 /* ImgViewerProjTests.swift */,
				C19A909626C12848006AD6F8 /* Info.plist */,
			);
			path = ImgViewerProjTests;
			sourceTree = "<group>";
		};
		C19A909E26C12848006AD6F8 /* ImgViewerProjUITests */ = {
			isa = PBXGroup;
			children = (
				C19A909F26C12848006AD6F8 /* ImgViewerProjUITests.swift */,
				C19A90A126C12848006AD6F8 /* Info.plist */,
			);
			path = ImgViewerProjUITests;
			sourceTree = "<group>";
		};
/* End PBXGroup section */

/* Begin PBXNativeTarget section */
		C19A907926C12845006AD6F8 /* ImgViewerProj */ = {
			isa = PBXNativeTarget;
			buildConfigurationList = C19A90A426C12848006AD6F8 /* Build configuration list for PBXNativeTarget "ImgViewerProj" */;
			buildPhases = (
				C19A907626C12845006AD6F8 /* Sources */,
				C19A907726C12845006AD6F8 /* Frameworks */,
				C19A907826C12845006AD6F8 /* Resources */,
			);
			buildRules = (
			);
			dependencies = (
			);
			name = ImgViewerProj;
			productName = ImgViewerProj;
			productReference = C19A907A26C12845006AD6F8 /* ImgViewerProj.app */;
			productType = "com.apple.product-type.application";
		};
		C19A908F26C12848006AD6F8 /* ImgViewerProjTests */ = {
			isa = PBXNativeTarget;
			buildConfigurationList = C19A90A726C12848006AD6F8 /* Build configuration list for PBXNativeTarget "ImgViewerProjTests" */;
			buildPhases = (
				C19A908C26C12848006AD6F8 /* Sources */,
				C19A908D26C12848006AD6F8 /* Frameworks */,
				C19A908E26C12848006AD6F8 /* Resources */,
			);
			buildRules = (
			);
			dependencies = (
				C19A909226C12848006AD6F8 /* PBXTargetDependency */,
			);
			name = ImgViewerProjTests;
			productName = ImgViewerProjTests;
			productReference = C19A909026C12848006AD6F8 /* ImgViewerProjTests.xctest */;
			productType = "com.apple.product-type.bundle.unit-test";
		};
		C19A909A26C12848006AD6F8 /* ImgViewerProjUITests */ = {
			isa = PBXNativeTarget;
			buildConfigurationList = C19A90AA26C12848006AD6F8 /* Build configuration list for PBXNativeTarget "ImgViewerProjUITests" */;
			buildPhases = (
				C19A909726C12848006AD6F8 /* Sources */,
				C19A909826C12848006AD6F8 /* Frameworks */,
				C19A909926C12848006AD6F8 /* Resources */,
			);
			buildRules = (
			);
			dependencies = (
				C19A909D26C12848006AD6F8 /* PBXTargetDependency */,
			);
			name = ImgViewerProjUITests;
			productName = ImgViewerProjUITests;
			productReference = C19A909B26C12848006AD6F8 /* ImgViewerProjUITests.xctest */;
			productType = "com.apple.product-type.bundle.ui-testing";
		};
/* End PBXNativeTarget section */

/* Begin PBXProject section */
		C19A907226C12844006AD6F8 /* Project object */ = {
			isa = PBXProject;
			attributes = {
				LastSwiftUpdateCheck = 1240;
				LastUpgradeCheck = 1240;
				TargetAttributes = {
					C19A907926C12845006AD6F8 = {
						CreatedOnToolsVersion = 12.4;
					};
					C19A908F26C12848006AD6F8 = {
						CreatedOnToolsVersion = 12.4;
						TestTargetID = C19A907926C12845006AD6F8;
					};
					C19A909A26C12848006AD6F8 = {
						CreatedOnToolsVersion = 12.4;
						TestTargetID = C19A907926C12845006AD6F8;
					};
				};
			};
			buildConfigurationList = C19A907526C12844006AD6F8 /* Build configuration list for PBXProject "ImgViewerProj" */;
			compatibilityVersion = "Xcode 9.3";
			developmentRegion = en;
			hasScannedForEncodings = 0;
			knownRegions = (
				en,
				Base,
			);
			mainGroup = C19A907126C12844006AD6F8;
			productRefGroup = C19A907B26C12845006AD6F8 /* Products */;
			projectDirPath = "";
			projectRoot = "";
			targets = (
				C19A907926C12845006AD6F8 /* ImgViewerProj */,
				C19A908F26C12848006AD6F8 /* ImgViewerProjTests */,
				C19A909A26C12848006AD6F8 /* ImgViewerProjUITests */,
			);
		};
/* End PBXProject section */

/* Begin PBXResourcesBuildPhase section */
		C19A907826C12845006AD6F8 /* Resources */ = {
			isa = PBXResourcesBuildPhase;
			buildActionMask = 2147483647;
			files = (
				C19A90B726C12860006AD6F8 /* 3.png in Resources */,
				C19A90B926C12860006AD6F8 /* 4.png in Resources */,
				C19A908A26C12847006AD6F8 /* LaunchScreen.storyboard in Resources */,
				C19A90B626C12860006AD6F8 /* 1.png in Resources */,
				C19A90B826C12860006AD6F8 /* 5.png in Resources */,
				C19A908726C12847006AD6F8 /* Assets.xcassets in Resources */,
				C19A90BB26C12860006AD6F8 /* 2.png in Resources */,
				C19A90BA26C12860006AD6F8 /* 6.png in Resources */,
				C19A908526C12845006AD6F8 /* Main.storyboard in Resources */,
			);
			runOnlyForDeploymentPostprocessing = 0;
		};
		C19A908E26C12848006AD6F8 /* Resources */ = {
			isa = PBXResourcesBuildPhase;
			buildActionMask = 2147483647;
			files = (
			);
			runOnlyForDeploymentPostprocessing = 0;
		};
		C19A909926C12848006AD6F8 /* Resources */ = {
			isa = PBXResourcesBuildPhase;
			buildActionMask = 2147483647;
			files = (
			);
			runOnlyForDeploymentPostprocessing = 0;
		};
/* End PBXResourcesBuildPhase section */

/* Begin PBXSourcesBuildPhase section */
		C19A907626C12845006AD6F8 /* Sources */ = {
			isa = PBXSourcesBuildPhase;
			buildActionMask = 2147483647;
			files = (
				C19A908226C12845006AD6F8 /* ViewController.swift in Sources */,
				C19A907E26C12845006AD6F8 /* AppDelegate.swift in Sources */,
				C19A908026C12845006AD6F8 /* SceneDelegate.swift in Sources */,
			);
			runOnlyForDeploymentPostprocessing = 0;
		};
		C19A908C26C12848006AD6F8 /* Sources */ = {
			isa = PBXSourcesBuildPhase;
			buildActionMask = 2147483647;
			files = (
				C19A909526C12848006AD6F8 /* ImgViewerProjTests.swift in Sources */,
			);
			runOnlyForDeploymentPostprocessing = 0;
		};
		C19A909726C12848006AD6F8 /* Sources */ = {
			isa = PBXSourcesBuildPhase;
			buildActionMask = 2147483647;
			files = (
				C19A90A026C12848006AD6F8 /* ImgViewerProjUITests.swift in Sources */,
			);
			runOnlyForDeploymentPostprocessing = 0;
		};
/* End PBXSourcesBuildPhase section */

/* Begin PBXTargetDependency section */
		C19A909226C12848006AD6F8 /* PBXTargetDependency */ = {
			isa = PBXTargetDependency;
			target = C19A907926C12845006AD6F8 /* ImgViewerProj */;
			targetProxy = C19A909126C12848006AD6F8 /* PBXContainerItemProxy */;
		};
		C19A909D26C12848006AD6F8 /* PBXTargetDependency */ = {
			isa = PBXTargetDependency;
			target = C19A907926C12845006AD6F8 /* ImgViewerProj */;
			targetProxy = C19A909C26C12848006AD6F8 /* PBXContainerItemProxy */;
		};
/* End PBXTargetDependency section */

/* Begin PBXVariantGroup section */
		C19A908326C12845006AD6F8 /* Main.storyboard */ = {
			isa = PBXVariantGroup;
			children = (
				C19A908426C12845006AD6F8 /* Base */,
			);
			name = Main.storyboard;
			sourceTree = "<group>";
		};
		C19A908826C12847006AD6F8 /* LaunchScreen.storyboard */ = {
			isa = PBXVariantGroup;
			children = (
				C19A908926C12847006AD6F8 /* Base */,
			);
			name = LaunchScreen.storyboard;
			sourceTree = "<group>";
		};
/* End PBXVariantGroup section */

/* Begin XCBuildConfiguration section */
		C19A90A226C12848006AD6F8 /* Debug */ = {
			isa = XCBuildConfiguration;
			buildSettings = {
				ALWAYS_SEARCH_USER_PATHS = NO;
				CLANG_ANALYZER_NONNULL = YES;
				CLANG_ANALYZER_NUMBER_OBJECT_CONVERSION = YES_AGGRESSIVE;
				CLANG_CXX_LANGUAGE_STANDARD = "gnu++14";
				CLANG_CXX_LIBRARY = "libc++";
				CLANG_ENABLE_MODULES = YES;
				CLANG_ENABLE_OBJC_ARC = YES;
				CLANG_ENABLE_OBJC_WEAK = YES;
				CLANG_WARN_BLOCK_CAPTURE_AUTORELEASING = YES;
				CLANG_WARN_BOOL_CONVERSION = YES;
				CLANG_WARN_COMMA = YES;
				CLANG_WARN_CONSTANT_CONVERSION = YES;
				CLANG_WARN_DEPRECATED_OBJC_IMPLEMENTATIONS = YES;
				CLANG_WARN_DIRECT_OBJC_ISA_USAGE = YES_ERROR;
				CLANG_WARN_DOCUMENTATION_COMMENTS = YES;
				CLANG_WARN_EMPTY_BODY = YES;
				CLANG_WARN_ENUM_CONVERSION = YES;
				CLANG_WARN_INFINITE_RECURSION = YES;
				CLANG_WARN_INT_CONVERSION = YES;
				CLANG_WARN_NON_LITERAL_NULL_CONVERSION = YES;
				CLANG_WARN_OBJC_IMPLICIT_RETAIN_SELF = YES;
				CLANG_WARN_OBJC_LITERAL_CONVERSION = YES;
				CLANG_WARN_OBJC_ROOT_CLASS = YES_ERROR;
				CLANG_WARN_QUOTED_INCLUDE_IN_FRAMEWORK_HEADER = YES;
				CLANG_WARN_RANGE_LOOP_ANALYSIS = YES;
				CLANG_WARN_STRICT_PROTOTYPES = YES;
				CLANG_WARN_SUSPICIOUS_MOVE = YES;
				CLANG_WARN_UNGUARDED_AVAILABILITY = YES_AGGRESSIVE;
				CLANG_WARN_UNREACHABLE_CODE = YES;
				CLANG_WARN__DUPLICATE_METHOD_MATCH = YES;
				COPY_PHASE_STRIP = NO;
				DEBUG_INFORMATION_FORMAT = dwarf;
				ENABLE_STRICT_OBJC_MSGSEND = YES;
				ENABLE_TESTABILITY = YES;
				GCC_C_LANGUAGE_STANDARD = gnu11;
				GCC_DYNAMIC_NO_PIC = NO;
				GCC_NO_COMMON_BLOCKS = YES;
				GCC_OPTIMIZATION_LEVEL = 0;
				GCC_PREPROCESSOR_DEFINITIONS = (
					"DEBUG=1",
					"$(inherited)",
				);
				GCC_WARN_64_TO_32_BIT_CONVERSION = YES;
				GCC_WARN_ABOUT_RETURN_TYPE = YES_ERROR;
				GCC_WARN_UNDECLARED_SELECTOR = YES;
				GCC_WARN_UNINITIALIZED_AUTOS = YES_AGGRESSIVE;
				GCC_WARN_UNUSED_FUNCTION = YES;
				GCC_WARN_UNUSED_VARIABLE = YES;
				IPHONEOS_DEPLOYMENT_TARGET = 14.4;
				MTL_ENABLE_DEBUG_INFO = INCLUDE_SOURCE;
				MTL_FAST_MATH = YES;
				ONLY_ACTIVE_ARCH = YES;
				SDKROOT = iphoneos;
				SWIFT_ACTIVE_COMPILATION_CONDITIONS = DEBUG;
				SWIFT_OPTIMIZATION_LEVEL = "-Onone";
			};
			name = Debug;
		};
		C19A90A326C12848006AD6F8 /* Release */ = {
			isa = XCBuildConfiguration;
			buildSettings = {
				ALWAYS_SEARCH_USER_PATHS = NO;
				CLANG_ANALYZER_NONNULL = YES;
				CLANG_ANALYZER_NUMBER_OBJECT_CONVERSION = YES_AGGRESSIVE;
				CLANG_CXX_LANGUAGE_STANDARD = "gnu++14";
				CLANG_CXX_LIBRARY = "libc++";
				CLANG_ENABLE_MODULES = YES;
				CLANG_ENABLE_OBJC_ARC = YES;
				CLANG_ENABLE_OBJC_WEAK = YES;
				CLANG_WARN_BLOCK_CAPTURE_AUTORELEASING = YES;
				CLANG_WARN_BOOL_CONVERSION = YES;
				CLANG_WARN_COMMA = YES;
				CLANG_WARN_CONSTANT_CONVERSION = YES;
				CLANG_WARN_DEPRECATED_OBJC_IMPLEMENTATIONS = YES;
				CLANG_WARN_DIRECT_OBJC_ISA_USAGE = YES_ERROR;
				CLANG_WARN_DOCUMENTATION_COMMENTS = YES;
				CLANG_WARN_EMPTY_BODY = YES;
				CLANG_WARN_ENUM_CONVERSION = YES;
				CLANG_WARN_INFINITE_RECURSION = YES;
				CLANG_WARN_INT_CONVERSION = YES;
				CLANG_WARN_NON_LITERAL_NULL_CONVERSION = YES;
				CLANG_WARN_OBJC_IMPLICIT_RETAIN_SELF = YES;
				CLANG_WARN_OBJC_LITERAL_CONVERSION = YES;
				CLANG_WARN_OBJC_ROOT_CLASS = YES_ERROR;
				CLANG_WARN_QUOTED_INCLUDE_IN_FRAMEWORK_HEADER = YES;
				CLANG_WARN_RANGE_LOOP_ANALYSIS = YES;
				CLANG_WARN_STRICT_PROTOTYPES = YES;
				CLANG_WARN_SUSPICIOUS_MOVE = YES;
				CLANG_WARN_UNGUARDED_AVAILABILITY = YES_AGGRESSIVE;
				CLANG_WARN_UNREACHABLE_CODE = YES;
				CLANG_WARN__DUPLICATE_METHOD_MATCH = YES;
				COPY_PHASE_STRIP = NO;
				DEBUG_INFORMATION_FORMAT = "dwarf-with-dsym";
				ENABLE_NS_ASSERTIONS = NO;
				ENABLE_STRICT_OBJC_MSGSEND = YES;
				GCC_C_LANGUAGE_STANDARD = gnu11;
				GCC_NO_COMMON_BLOCKS = YES;
				GCC_WARN_64_TO_32_BIT_CONVERSION = YES;
				GCC_WARN_ABOUT_RETURN_TYPE = YES_ERROR;
				GCC_WARN_UNDECLARED_SELECTOR = YES;
				GCC_WARN_UNINITIALIZED_AUTOS = YES_AGGRESSIVE;
				GCC_WARN_UNUSED_FUNCTION = YES;
				GCC_WARN_UNUSED_VARIABLE = YES;
				IPHONEOS_DEPLOYMENT_TARGET = 14.4;
				MTL_ENABLE_DEBUG_INFO = NO;
				MTL_FAST_MATH = YES;
				SDKROOT = iphoneos;
				SWIFT_COMPILATION_MODE = wholemodule;
				SWIFT_OPTIMIZATION_LEVEL = "-O";
				VALIDATE_PRODUCT = YES;
			};
			name = Release;
		};
		C19A90A526C12848006AD6F8 /* Debug */ = {
			isa = XCBuildConfiguration;
			buildSettings = {
				ASSETCATALOG_COMPILER_APPICON_NAME = AppIcon;
				ASSETCATALOG_COMPILER_GLOBAL_ACCENT_COLOR_NAME = AccentColor;
				CODE_SIGN_STYLE = Automatic;
				INFOPLIST_FILE = ImgViewerProj/Info.plist;
				LD_RUNPATH_SEARCH_PATHS = (
					"$(inherited)",
					"@executable_path/Frameworks",
				);
				PRODUCT_BUNDLE_IDENTIFIER = ekdnjs.ImgViewerProj;
				PRODUCT_NAME = "$(TARGET_NAME)";
				SWIFT_VERSION = 5.0;
				TARGETED_DEVICE_FAMILY = "1,2";
			};
			name = Debug;
		};
		C19A90A626C12848006AD6F8 /* Release */ = {
			isa = XCBuildConfiguration;
			buildSettings = {
				ASSETCATALOG_COMPILER_APPICON_NAME = AppIcon;
				ASSETCATALOG_COMPILER_GLOBAL_ACCENT_COLOR_NAME = AccentColor;
				CODE_SIGN_STYLE = Automatic;
				INFOPLIST_FILE = ImgViewerProj/Info.plist;
				LD_RUNPATH_SEARCH_PATHS = (
					"$(inherited)",
					"@executable_path/Frameworks",
				);
				PRODUCT_BUNDLE_IDENTIFIER = ekdnjs.ImgViewerProj;
				PRODUCT_NAME = "$(TARGET_NAME)";
				SWIFT_VERSION = 5.0;
				TARGETED_DEVICE_FAMILY = "1,2";
			};
			name = Release;
		};
		C19A90A826C12848006AD6F8 /* Debug */ = {
			isa = XCBuildConfiguration;
			buildSettings = {
				ALWAYS_EMBED_SWIFT_STANDARD_LIBRARIES = YES;
				BUNDLE_LOADER = "$(TEST_HOST)";
				CODE_SIGN_STYLE = Automatic;
				INFOPLIST_FILE = ImgViewerProjTests/Info.plist;
				IPHONEOS_DEPLOYMENT_TARGET = 14.4;
				LD_RUNPATH_SEARCH_PATHS = (
					"$(inherited)",
					"@executable_path/Frameworks",
					"@loader_path/Frameworks",
				);
				PRODUCT_BUNDLE_IDENTIFIER = ekdnjs.ImgViewerProjTests;
				PRODUCT_NAME = "$(TARGET_NAME)";
				SWIFT_VERSION = 5.0;
				TARGETED_DEVICE_FAMILY = "1,2";
				TEST_HOST = "$(BUILT_PRODUCTS_DIR)/ImgViewerProj.app/ImgViewerProj";
			};
			name = Debug;
		};
		C19A90A926C12848006AD6F8 /* Release */ = {
			isa = XCBuildConfiguration;
			buildSettings = {
				ALWAYS_EMBED_SWIFT_STANDARD_LIBRARIES = YES;
				BUNDLE_LOADER = "$(TEST_HOST)";
				CODE_SIGN_STYLE = Automatic;
				INFOPLIST_FILE = ImgViewerProjTests/Info.plist;
				IPHONEOS_DEPLOYMENT_TARGET = 14.4;
				LD_RUNPATH_SEARCH_PATHS = (
					"$(inherited)",
					"@executable_path/Frameworks",
					"@loader_path/Frameworks",
				);
				PRODUCT_BUNDLE_IDENTIFIER = ekdnjs.ImgViewerProjTests;
				PRODUCT_NAME = "$(TARGET_NAME)";
				SWIFT_VERSION = 5.0;
				TARGETED_DEVICE_FAMILY = "1,2";
				TEST_HOST = "$(BUILT_PRODUCTS_DIR)/ImgViewerProj.app/ImgViewerProj";
			};
			name = Release;
		};
		C19A90AB26C12848006AD6F8 /* Debug */ = {
			isa = XCBuildConfiguration;
			buildSettings = {
				ALWAYS_EMBED_SWIFT_STANDARD_LIBRARIES = YES;
				CODE_SIGN_STYLE = Automatic;
				INFOPLIST_FILE = ImgViewerProjUITests/Info.plist;
				LD_RUNPATH_SEARCH_PATHS = (
					"$(inherited)",
					"@executable_path/Frameworks",
					"@loader_path/Frameworks",
				);
				PRODUCT_BUNDLE_IDENTIFIER = ekdnjs.ImgViewerProjUITests;
				PRODUCT_NAME = "$(TARGET_NAME)";
				SWIFT_VERSION = 5.0;
				TARGETED_DEVICE_FAMILY = "1,2";
				TEST_TARGET_NAME = ImgViewerProj;
			};
			name = Debug;
		};
		C19A90AC26C12848006AD6F8 /* Release */ = {
			isa = XCBuildConfiguration;
			buildSettings = {
				ALWAYS_EMBED_SWIFT_STANDARD_LIBRARIES = YES;
				CODE_SIGN_STYLE = Automatic;
				INFOPLIST_FILE = ImgViewerProjUITests/Info.plist;
				LD_RUNPATH_SEARCH_PATHS = (
					"$(inherited)",
					"@executable_path/Frameworks",
					"@loader_path/Frameworks",
				);
				PRODUCT_BUNDLE_IDENTIFIER = ekdnjs.ImgViewerProjUITests;
				PRODUCT_NAME = "$(TARGET_NAME)";
				SWIFT_VERSION = 5.0;
				TARGETED_DEVICE_FAMILY = "1,2";
				TEST_TARGET_NAME = ImgViewerProj;
			};
			name = Release;
		};
/* End XCBuildConfiguration section */

/* Begin XCConfigurationList section */
		C19A907526C12844006AD6F8 /* Build configuration list for PBXProject "ImgViewerProj" */ = {
			isa = XCConfigurationList;
			buildConfigurations = (
				C19A90A226C12848006AD6F8 /* Debug */,
				C19A90A326C12848006AD6F8 /* Release */,
			);
			defaultConfigurationIsVisible = 0;
			defaultConfigurationName = Release;
		};
		C19A90A426C12848006AD6F8 /* Build configuration list for PBXNativeTarget "ImgViewerProj" */ = {
			isa = XCConfigurationList;
			buildConfigurations = (
				C19A90A526C12848006AD6F8 /* Debug */,
				C19A90A626C12848006AD6F8 /* Release */,
			);
			defaultConfigurationIsVisible = 0;
			defaultConfigurationName = Release;
		};
		C19A90A726C12848006AD6F8 /* Build configuration list for PBXNativeTarget "ImgViewerProjTests" */ = {
			isa = XCConfigurationList;
			buildConfigurations = (
				C19A90A826C12848006AD6F8 /* Debug */,
				C19A90A926C12848006AD6F8 /* Release */,
			);
			defaultConfigurationIsVisible = 0;
			defaultConfigurationName = Release;
		};
		C19A90AA26C12848006AD6F8 /* Build configuration list for PBXNativeTarget "ImgViewerProjUITests" */ = {
			isa = XCConfigurationList;
			buildConfigurations = (
				C19A90AB26C12848006AD6F8 /* Debug */,
				C19A90AC26C12848006AD6F8 /* Release */,
			);
			defaultConfigurationIsVisible = 0;
			defaultConfigurationName = Release;
		};
/* End XCConfigurationList section */
	};
	rootObject = C19A907226C12844006AD6F8 /* Project object */;
}
